
Microsoft Visual Studio Solution File, Format Version 12.00
# Visual Studio 2013
Project("{FAE04EC0-301F-11D3-BF4B-00C04F79EFBC}") = "sheep.CSharp", "sheep.CSharp.csproj", "{B1272753-833D-A2E3-CDB5-66829E28F8BA}"
EndProject
Global
	GlobalSection(SolutionConfigurationPlatforms) = preSolution
		Debug|Any CPU = Debug|Any CPU
		Release|Any CPU = Release|Any CPU
	EndGlobalSection
	GlobalSection(ProjectConfigurationPlatforms) = postSolution
		{B1272753-833D-A2E3-CDB5-66829E28F8BA}.Debug|Any CPU.ActiveCfg = Debug|Any CPU
		{B1272753-833D-A2E3-CDB5-66829E28F8BA}.Debug|Any CPU.Build.0 = Debug|Any CPU
		{B1272753-833D-A2E3-CDB5-66829E28F8BA}.Release|Any CPU.ActiveCfg = Release|Any CPU
		{B1272753-833D-A2E3-CDB5-66829E28F8BA}.Release|Any CPU.Build.0 = Release|Any CPU
	EndGlobalSection
	GlobalSection(SolutionProperties) = preSolution
		HideSolutionNode = FALSE
	EndGlobalSection
EndGlobal
